github.com/meowzz95/test_proj_c v0.0.0-20230217072613-5f1ef27dbfa8 h1:sjOmOENvfjOB+R3B4jPpcXZ97r5/IyW2gMjoBZVAPm4=
github.com/meowzz95/test_proj_c v0.0.0-20230217072613-5f1ef27dbfa8/go.mod h1:KwB5OQ8bQoqkuLIkpYqFawqVcw+zQxeP+PS33ITaToQ=
github.com/meowzz95/test_proj_c v0.0.3 h1:rjHZOgOK0FfL/OvBPVJmL4WgNSVqqCIvcoXYPFBtFIY=
github.com/meowzz95/test_proj_c v0.0.3/go.mod h1:KwB5OQ8bQoqkuLIkpYqFawqVcw+zQxeP+PS33ITaToQ=
github.com/meowzz95/test_proj_c v0.0.5 h1:B11Ac5by8OQioHXPHWnXc7Cql1T5l1VtQ6hMjFges5g=
github.com/meowzz95/test_proj_c v0.0.5/go.mod h1:KwB5OQ8bQoqkuLIkpYqFawqVcw+zQxeP+PS33ITaToQ=
